
Microsoft Visual Studio Solution File, Format Version 12.00
# Visual Studio 15
VisualStudioVersion = 15.0.28010.2046
MinimumVisualStudioVersion = 10.0.40219.1
Project("{FAE04EC0-301F-11D3-BF4B-00C04F79EFBC}") = "ClassLibrary", "Project 2\ClassLibrary.csproj", "{CFE83C2D-1000-4391-A30C-9209C8A9E34E}"
EndProject
Project("{FAE04EC0-301F-11D3-BF4B-00C04F79EFBC}") = "ProductManagmentForm", "ProductManagmentForm\ProductManagmentForm.csproj", "{F9105115-4375-4A69-B26B-DF9CF05D429B}"
EndProject
Global
	GlobalSection(SolutionConfigurationPlatforms) = preSolution
		Debug|Any CPU = Debug|Any CPU
		Release|Any CPU = Release|Any CPU
	EndGlobalSection
	GlobalSection(ProjectConfigurationPlatforms) = postSolution
		{CFE83C2D-1000-4391-A30C-9209C8A9E34E}.Debug|Any CPU.ActiveCfg = Debug|Any CPU
		{CFE83C2D-1000-4391-A30C-9209C8A9E34E}.Debug|Any CPU.Build.0 = Debug|Any CPU
		{CFE83C2D-1000-4391-A30C-9209C8A9E34E}.Release|Any CPU.ActiveCfg = Release|Any CPU
		{CFE83C2D-1000-4391-A30C-9209C8A9E34E}.Release|Any CPU.Build.0 = Release|Any CPU
		{F9105115-4375-4A69-B26B-DF9CF05D429B}.Debug|Any CPU.ActiveCfg = Debug|Any CPU
		{F9105115-4375-4A69-B26B-DF9CF05D429B}.Debug|Any CPU.Build.0 = Debug|Any CPU
		{F9105115-4375-4A69-B26B-DF9CF05D429B}.Release|Any CPU.ActiveCfg = Release|Any CPU
		{F9105115-4375-4A69-B26B-DF9CF05D429B}.Release|Any CPU.Build.0 = Release|Any CPU
	EndGlobalSection
	GlobalSection(SolutionProperties) = preSolution
		HideSolutionNode = FALSE
	EndGlobalSection
	GlobalSection(ExtensibilityGlobals) = postSolution
		SolutionGuid = {4AA1F247-A2C1-4C1B-AEDE-8F5C86D11920}
	EndGlobalSection
EndGlobal
